{
  "object": {
    "pins": [
      {
        "package": "Nimble",
        "repositoryURL": "https://github.com/Quick/Nimble.git",
        "state": {
          "branch": null,
          "revision": "43304bf2b1579fd555f2fdd51742771c1e4f2b98",
          "version": "8.0.1"
        }
      },
      {
        "package": "Quick",
        "repositoryURL": "https://github.com/Quick/Quick.git",
        "state": {
          "branch": null,
          "revision": "0b4ed6c706dd0cce923b5019a605a9bcc6b1b600",
          "version": "2.0.0"
        }
      },
      {
        "package": "ReactiveSwift",
        "repositoryURL": "https://github.com/ReactiveCocoa/ReactiveSwift",
        "state": {
          "branch": null,
          "revision": "c37950dc5020544c58d4bf47c0d028893686b9e6",
          "version": "5.0.1"
        }
      },
      {
        "package": "Result",
        "repositoryURL": "https://github.com/antitypical/Result.git",
        "state": {
          "branch": null,
          "revision": "2ca499ba456795616fbc471561ff1d963e6ae160",
          "version": "4.1.0"
        }
      }
    ]
  },
  "version": 1
}
