PODS:
  - Kingfisher (5.3.1)
  - Nimble (8.0.1)
  - ReactiveCocoa (9.0.0):
    - ReactiveSwift (~> 5.0)
  - ReactiveSwift (5.0.0):
    - Result (~> 4.1)
  - Result (4.1.0)

DEPENDENCIES:
  - Kingfisher (~> 5.2)
  - Nimble (~> 8.0)
  - ReactiveCocoa (~> 9.0)
  - ReactiveSwift (~> 5.0)

SPEC REPOS:
  https://github.com/cocoapods/specs.git:
    - Kingfisher
    - Nimble
    - ReactiveCocoa
    - ReactiveSwift
    - Result

SPEC CHECKSUMS:
  Kingfisher: d9e7e0b209b59b8f9873aa2f37654e81a7beea51
  Nimble: 45f786ae66faa9a709624227fae502db55a8bdd0
  ReactiveCocoa: 29709cf0cc7502ddd04a51220e10ee0336d8bec8
  ReactiveSwift: bd4c122943593e67cb441409370c5c1e3cb32791
  Result: bd966fac789cc6c1563440b348ab2598cc24d5c7

PODFILE CHECKSUM: 79a4920ea1211aab71a8d16fc2cfac5b07d83ada

COCOAPODS: 1.6.1
