PODS:
  - Kingfisher (7.6.2)
  - Nimble (10.0.0)
  - ReactiveSwift (7.1.1)

DEPENDENCIES:
  - Kingfisher
  - Nimble (~> 10.0.0)
  - ReactiveSwift (~> 7.1.1)

SPEC REPOS:
  trunk:
    - Kingfisher
    - Nimble
    - ReactiveSwift

SPEC CHECKSUMS:
  Kingfisher: 6c5449c6450c5239166510ba04afe374a98afc4f
  Nimble: 5316ef81a170ce87baf72dd961f22f89a602ff84
  ReactiveSwift: 477d3f5bc2eb3cbbba1c1636505752b83bef93b1

PODFILE CHECKSUM: 8c5e86557d6fb42f26248d530d851e3a1522e785

COCOAPODS: 1.12.1
