<?xml version="1.0" encoding="UTF-8"?>
<Scheme
   version = "1.3">
   <BuildAction>
      <BuildActionEntries>
         <BuildActionEntry
            buildForRunning = "YES">
            <BuildableReference
               BuildableIdentifier = "primary"
               BlueprintIdentifier = "25E1D21C1F5493D000D90192"
               BuildableName = "ReactiveFeedback.app"
               BlueprintName = "ReactiveFeedback"
               ReferencedContainer = "container:ReactiveFeedback.xcodeproj">
            </BuildableReference>
         </BuildActionEntry>
      </BuildActionEntries>
   </BuildAction>
   <LaunchAction
      useCustomWorkingDirectory = "NO"
      buildConfiguration = "Debug">
      <BuildableProductRunnable>
         <BuildableReference
            BuildableIdentifier = "primary"
            BlueprintIdentifier = "25E1D21C1F5493D000D90192"
            BuildableName = "ReactiveFeedback.app"
            BlueprintName = "ReactiveFeedback"
            ReferencedContainer = "container:ReactiveFeedback.xcodeproj">
         </BuildableReference>
      </BuildableProductRunnable>
   </LaunchAction>
</Scheme>
