// !$*UTF8*$!
{
	archiveVersion = 1;
	classes = {
	};
	objectVersion = 46;
	objects = {

/* Begin PBXBuildFile section */
		25E1D2211F5493D000D90192 /* AppDelegate.swift in Sources */ = {isa = PBXBuildFile; fileRef = 25E1D2201F5493D000D90192 /* AppDelegate.swift */; };
		25E1D2231F5493D000D90192 /* ViewController.swift in Sources */ = {isa = PBXBuildFile; fileRef = 25E1D2221F5493D000D90192 /* ViewController.swift */; };
		25E1D2261F5493D000D90192 /* Main.storyboard in Resources */ = {isa = PBXBuildFile; fileRef = 25E1D2241F5493D000D90192 /* Main.storyboard */; };
		25E1D2281F5493D000D90192 /* Assets.xcassets in Resources */ = {isa = PBXBuildFile; fileRef = 25E1D2271F5493D000D90192 /* Assets.xcassets */; };
		25E1D22B1F5493D000D90192 /* LaunchScreen.storyboard in Resources */ = {isa = PBXBuildFile; fileRef = 25E1D2291F5493D000D90192 /* LaunchScreen.storyboard */; };
		25E1D2381F56091A00D90192 /* PaginationViewController.swift in Sources */ = {isa = PBXBuildFile; fileRef = 25E1D2371F56091A00D90192 /* PaginationViewController.swift */; };
		5810F032239EB2C400708F62 /* MoviesView.swift in Sources */ = {isa = PBXBuildFile; fileRef = 5810F031239EB2C400708F62 /* MoviesView.swift */; };
		5810F034239EB2D200708F62 /* MoviesView.xib in Resources */ = {isa = PBXBuildFile; fileRef = 5810F033239EB2D200708F62 /* MoviesView.xib */; };
		5810F036239EB31900708F62 /* MovieCell.xib in Resources */ = {isa = PBXBuildFile; fileRef = 5810F035239EB31900708F62 /* MovieCell.xib */; };
		5810F038239EB5A700708F62 /* MovieCell.swift in Sources */ = {isa = PBXBuildFile; fileRef = 5810F037239EB5A700708F62 /* MovieCell.swift */; };
		5810F03A239EBEA100708F62 /* RootViewController.swift in Sources */ = {isa = PBXBuildFile; fileRef = 5810F039239EBEA100708F62 /* RootViewController.swift */; };
		585CD87B239E6A39004BE9CC /* Reducer.swift in Sources */ = {isa = PBXBuildFile; fileRef = 585CD87A239E6A39004BE9CC /* Reducer.swift */; };
		585CD87C239E6A3E004BE9CC /* Reducer.swift in Sources */ = {isa = PBXBuildFile; fileRef = 585CD87A239E6A39004BE9CC /* Reducer.swift */; };
		585CD87D239E6A3E004BE9CC /* Reducer.swift in Sources */ = {isa = PBXBuildFile; fileRef = 585CD87A239E6A39004BE9CC /* Reducer.swift */; };
		585CD87F239E6A98004BE9CC /* Context.swift in Sources */ = {isa = PBXBuildFile; fileRef = 585CD87E239E6A98004BE9CC /* Context.swift */; };
		585CD880239E6A9A004BE9CC /* Context.swift in Sources */ = {isa = PBXBuildFile; fileRef = 585CD87E239E6A98004BE9CC /* Context.swift */; };
		585CD881239E6A9B004BE9CC /* Context.swift in Sources */ = {isa = PBXBuildFile; fileRef = 585CD87E239E6A98004BE9CC /* Context.swift */; };
		585CD883239E6AF1004BE9CC /* Store.swift in Sources */ = {isa = PBXBuildFile; fileRef = 585CD882239E6AF1004BE9CC /* Store.swift */; };
		585CD884239E6AF1004BE9CC /* Store.swift in Sources */ = {isa = PBXBuildFile; fileRef = 585CD882239E6AF1004BE9CC /* Store.swift */; };
		585CD885239E6AF1004BE9CC /* Store.swift in Sources */ = {isa = PBXBuildFile; fileRef = 585CD882239E6AF1004BE9CC /* Store.swift */; };
		585CD88A239E9077004BE9CC /* Counter.swift in Sources */ = {isa = PBXBuildFile; fileRef = 585CD889239E9077004BE9CC /* Counter.swift */; };
		585CD88C239E90EB004BE9CC /* CounterView.swift in Sources */ = {isa = PBXBuildFile; fileRef = 585CD88B239E90EB004BE9CC /* CounterView.swift */; };
		585CD88E239E9104004BE9CC /* CounterView.xib in Resources */ = {isa = PBXBuildFile; fileRef = 585CD88D239E9104004BE9CC /* CounterView.xib */; };
		585CD891239EA8E6004BE9CC /* Movies.swift in Sources */ = {isa = PBXBuildFile; fileRef = 585CD890239EA8E6004BE9CC /* Movies.swift */; };
		5898B6D11F97ADDD005EEAEC /* SystemTests.swift in Sources */ = {isa = PBXBuildFile; fileRef = 5898B6D01F97ADDD005EEAEC /* SystemTests.swift */; };
		65F8C260218371A800924657 /* Feedback.swift in Sources */ = {isa = PBXBuildFile; fileRef = A95097E70D3CBFF05FA7B8CC /* Feedback.swift */; };
		65F8C261218371A800924657 /* SignalProducer+System.swift in Sources */ = {isa = PBXBuildFile; fileRef = A9509880213192F0D80EC2B3 /* SignalProducer+System.swift */; };
		65F8C262218371A800924657 /* Property+System.swift in Sources */ = {isa = PBXBuildFile; fileRef = 9AD5D42C1F97375E00E6AE5A /* Property+System.swift */; };
		65F8C26F218371AC00924657 /* Feedback.swift in Sources */ = {isa = PBXBuildFile; fileRef = A95097E70D3CBFF05FA7B8CC /* Feedback.swift */; };
		65F8C270218371AC00924657 /* SignalProducer+System.swift in Sources */ = {isa = PBXBuildFile; fileRef = A9509880213192F0D80EC2B3 /* SignalProducer+System.swift */; };
		65F8C271218371AC00924657 /* Property+System.swift in Sources */ = {isa = PBXBuildFile; fileRef = 9AD5D42C1F97375E00E6AE5A /* Property+System.swift */; };
		65F8C2802183723F00924657 /* SystemTests.swift in Sources */ = {isa = PBXBuildFile; fileRef = 5898B6D01F97ADDD005EEAEC /* SystemTests.swift */; };
		65F8C2832183723F00924657 /* ReactiveFeedback.framework in Frameworks */ = {isa = PBXBuildFile; fileRef = 25CC87AE1F92855300A6EBFC /* ReactiveFeedback.framework */; };
		65F8C2942183725900924657 /* SystemTests.swift in Sources */ = {isa = PBXBuildFile; fileRef = 5898B6D01F97ADDD005EEAEC /* SystemTests.swift */; };
		65F8C2972183725900924657 /* ReactiveFeedback.framework in Frameworks */ = {isa = PBXBuildFile; fileRef = 25CC87AE1F92855300A6EBFC /* ReactiveFeedback.framework */; };
		65F8C2CF218378F500924657 /* ReactiveFeedback.framework in Frameworks */ = {isa = PBXBuildFile; fileRef = 65F8C26B218371A800924657 /* ReactiveFeedback.framework */; };
		65F8C2D0218378F500924657 /* ReactiveFeedback.framework in Embed Frameworks */ = {isa = PBXBuildFile; fileRef = 65F8C26B218371A800924657 /* ReactiveFeedback.framework */; settings = {ATTRIBUTES = (CodeSignOnCopy, RemoveHeadersOnCopy, ); }; };
		9AD5D42D1F97375E00E6AE5A /* Property+System.swift in Sources */ = {isa = PBXBuildFile; fileRef = 9AD5D42C1F97375E00E6AE5A /* Property+System.swift */; };
		9AE181BB1F95A71B00A07551 /* ReactiveFeedback.framework in Frameworks */ = {isa = PBXBuildFile; fileRef = 25CC87AE1F92855300A6EBFC /* ReactiveFeedback.framework */; };
		9AE9563C2186341B005A8C69 /* Kingfisher.framework in Frameworks */ = {isa = PBXBuildFile; fileRef = 9AE9563921863415005A8C69 /* Kingfisher.framework */; };
		9AE9563D2186341B005A8C69 /* Kingfisher.framework in Embed Frameworks */ = {isa = PBXBuildFile; fileRef = 9AE9563921863415005A8C69 /* Kingfisher.framework */; settings = {ATTRIBUTES = (CodeSignOnCopy, RemoveHeadersOnCopy, ); }; };
		9AE9563E2186341B005A8C69 /* ReactiveCocoa.framework in Frameworks */ = {isa = PBXBuildFile; fileRef = 9AE9563B21863415005A8C69 /* ReactiveCocoa.framework */; };
		9AE9563F2186341B005A8C69 /* ReactiveCocoa.framework in Embed Frameworks */ = {isa = PBXBuildFile; fileRef = 9AE9563B21863415005A8C69 /* ReactiveCocoa.framework */; settings = {ATTRIBUTES = (CodeSignOnCopy, RemoveHeadersOnCopy, ); }; };
		9AE956402186341B005A8C69 /* ReactiveSwift.framework in Frameworks */ = {isa = PBXBuildFile; fileRef = 9AE9563821863414005A8C69 /* ReactiveSwift.framework */; };
		9AE956412186341B005A8C69 /* ReactiveSwift.framework in Embed Frameworks */ = {isa = PBXBuildFile; fileRef = 9AE9563821863414005A8C69 /* ReactiveSwift.framework */; settings = {ATTRIBUTES = (CodeSignOnCopy, RemoveHeadersOnCopy, ); }; };
		9AE9564421863440005A8C69 /* ReactiveSwift.framework in Frameworks */ = {isa = PBXBuildFile; fileRef = 9AE9563821863414005A8C69 /* ReactiveSwift.framework */; };
		9AE9564621863449005A8C69 /* ReactiveSwift.framework in Frameworks */ = {isa = PBXBuildFile; fileRef = 9AE9563821863414005A8C69 /* ReactiveSwift.framework */; };
		9AE9564921863459005A8C69 /* ReactiveSwift.framework in Frameworks */ = {isa = PBXBuildFile; fileRef = 9AE9564821863459005A8C69 /* ReactiveSwift.framework */; };
		9AE9564F2186346C005A8C69 /* ReactiveSwift.framework in Frameworks */ = {isa = PBXBuildFile; fileRef = 9AE9564E2186346C005A8C69 /* ReactiveSwift.framework */; };
		9AE9565221863484005A8C69 /* ReactiveSwift.framework in Frameworks */ = {isa = PBXBuildFile; fileRef = 9AE9564E2186346C005A8C69 /* ReactiveSwift.framework */; };
		9AE956542186349E005A8C69 /* ReactiveSwift.framework in Frameworks */ = {isa = PBXBuildFile; fileRef = 9AE9564821863459005A8C69 /* ReactiveSwift.framework */; };
		9AE9565B218634CA005A8C69 /* Nimble.framework in Frameworks */ = {isa = PBXBuildFile; fileRef = 9AE9565A218634CA005A8C69 /* Nimble.framework */; };
		9AFA21261F9511A5001DBF7C /* ReactiveFeedback.podspec in Resources */ = {isa = PBXBuildFile; fileRef = 9AFA21251F9511A5001DBF7C /* ReactiveFeedback.podspec */; };
		A950943401765BB90FA846B2 /* SignalProducer+System.swift in Sources */ = {isa = PBXBuildFile; fileRef = A9509880213192F0D80EC2B3 /* SignalProducer+System.swift */; };
		A9509BE4551098F4A5503820 /* Feedback.swift in Sources */ = {isa = PBXBuildFile; fileRef = A95097E70D3CBFF05FA7B8CC /* Feedback.swift */; };
/* End PBXBuildFile section */

/* Begin PBXContainerItemProxy section */
		65F8C2A42183731100924657 /* PBXContainerItemProxy */ = {
			isa = PBXContainerItemProxy;
			containerPortal = 25E1D2151F5493D000D90192 /* Project object */;
			proxyType = 1;
			remoteGlobalIDString = 65F8C25E218371A800924657;
			remoteInfo = "ReactiveFeedback-iOS";
		};
		65F8C2A62183731900924657 /* PBXContainerItemProxy */ = {
			isa = PBXContainerItemProxy;
			containerPortal = 25E1D2151F5493D000D90192 /* Project object */;
			proxyType = 1;
			remoteGlobalIDString = 65F8C26D218371AC00924657;
			remoteInfo = "ReactiveFeedback-tvOS";
		};
		65F8C2D1218378F500924657 /* PBXContainerItemProxy */ = {
			isa = PBXContainerItemProxy;
			containerPortal = 25E1D2151F5493D000D90192 /* Project object */;
			proxyType = 1;
			remoteGlobalIDString = 65F8C25E218371A800924657;
			remoteInfo = "ReactiveFeedback-iOS";
		};
		9AE181BC1F95A71B00A07551 /* PBXContainerItemProxy */ = {
			isa = PBXContainerItemProxy;
			containerPortal = 25E1D2151F5493D000D90192 /* Project object */;
			proxyType = 1;
			remoteGlobalIDString = 25CC87AD1F92855300A6EBFC;
			remoteInfo = ReactiveFeedback;
		};
/* End PBXContainerItemProxy section */

/* Begin PBXCopyFilesBuildPhase section */
		25CC87BA1F92855300A6EBFC /* Embed Frameworks */ = {
			isa = PBXCopyFilesBuildPhase;
			buildActionMask = 2147483647;
			dstPath = "";
			dstSubfolderSpec = 10;
			files = (
				9AE9563D2186341B005A8C69 /* Kingfisher.framework in Embed Frameworks */,
				9AE9563F2186341B005A8C69 /* ReactiveCocoa.framework in Embed Frameworks */,
				65F8C2D0218378F500924657 /* ReactiveFeedback.framework in Embed Frameworks */,
				9AE956412186341B005A8C69 /* ReactiveSwift.framework in Embed Frameworks */,
			);
			name = "Embed Frameworks";
			runOnlyForDeploymentPostprocessing = 0;
		};
		65F8C2872183723F00924657 /* CopyFiles */ = {
			isa = PBXCopyFilesBuildPhase;
			buildActionMask = 2147483647;
			dstPath = "";
			dstSubfolderSpec = 10;
			files = (
			);
			runOnlyForDeploymentPostprocessing = 0;
		};
		65F8C29B2183725900924657 /* CopyFiles */ = {
			isa = PBXCopyFilesBuildPhase;
			buildActionMask = 2147483647;
			dstPath = "";
			dstSubfolderSpec = 10;
			files = (
			);
			runOnlyForDeploymentPostprocessing = 0;
		};
		9AE181C11F95A76B00A07551 /* CopyFiles */ = {
			isa = PBXCopyFilesBuildPhase;
			buildActionMask = 2147483647;
			dstPath = "";
			dstSubfolderSpec = 10;
			files = (
			);
			runOnlyForDeploymentPostprocessing = 0;
		};
/* End PBXCopyFilesBuildPhase section */

/* Begin PBXFileReference section */
		25CC87AE1F92855300A6EBFC /* ReactiveFeedback.framework */ = {isa = PBXFileReference; explicitFileType = wrapper.framework; includeInIndex = 0; path = ReactiveFeedback.framework; sourceTree = BUILT_PRODUCTS_DIR; };
		25CC87B11F92855300A6EBFC /* Info.plist */ = {isa = PBXFileReference; lastKnownFileType = text.plist.xml; path = Info.plist; sourceTree = "<group>"; };
		25E1D21D1F5493D000D90192 /* Example.app */ = {isa = PBXFileReference; explicitFileType = wrapper.application; includeInIndex = 0; path = Example.app; sourceTree = BUILT_PRODUCTS_DIR; };
		25E1D2201F5493D000D90192 /* AppDelegate.swift */ = {isa = PBXFileReference; lastKnownFileType = sourcecode.swift; path = AppDelegate.swift; sourceTree = "<group>"; };
		25E1D2221F5493D000D90192 /* ViewController.swift */ = {isa = PBXFileReference; lastKnownFileType = sourcecode.swift; path = ViewController.swift; sourceTree = "<group>"; };
		25E1D2251F5493D000D90192 /* Base */ = {isa = PBXFileReference; lastKnownFileType = file.storyboard; name = Base; path = Base.lproj/Main.storyboard; sourceTree = "<group>"; };
		25E1D2271F5493D000D90192 /* Assets.xcassets */ = {isa = PBXFileReference; lastKnownFileType = folder.assetcatalog; path = Assets.xcassets; sourceTree = "<group>"; };
		25E1D22A1F5493D000D90192 /* Base */ = {isa = PBXFileReference; lastKnownFileType = file.storyboard; name = Base; path = Base.lproj/LaunchScreen.storyboard; sourceTree = "<group>"; };
		25E1D22C1F5493D000D90192 /* Info.plist */ = {isa = PBXFileReference; lastKnownFileType = text.plist.xml; path = Info.plist; sourceTree = "<group>"; };
		25E1D2371F56091A00D90192 /* PaginationViewController.swift */ = {isa = PBXFileReference; fileEncoding = 4; lastKnownFileType = sourcecode.swift; path = PaginationViewController.swift; sourceTree = "<group>"; };
		5810F031239EB2C400708F62 /* MoviesView.swift */ = {isa = PBXFileReference; lastKnownFileType = sourcecode.swift; path = MoviesView.swift; sourceTree = "<group>"; };
		5810F033239EB2D200708F62 /* MoviesView.xib */ = {isa = PBXFileReference; lastKnownFileType = file.xib; path = MoviesView.xib; sourceTree = "<group>"; };
		5810F035239EB31900708F62 /* MovieCell.xib */ = {isa = PBXFileReference; lastKnownFileType = file.xib; path = MovieCell.xib; sourceTree = "<group>"; };
		5810F037239EB5A700708F62 /* MovieCell.swift */ = {isa = PBXFileReference; lastKnownFileType = sourcecode.swift; path = MovieCell.swift; sourceTree = "<group>"; };
		5810F039239EBEA100708F62 /* RootViewController.swift */ = {isa = PBXFileReference; lastKnownFileType = sourcecode.swift; path = RootViewController.swift; sourceTree = "<group>"; };
		585CD87A239E6A39004BE9CC /* Reducer.swift */ = {isa = PBXFileReference; lastKnownFileType = sourcecode.swift; path = Reducer.swift; sourceTree = "<group>"; };
		585CD87E239E6A98004BE9CC /* Context.swift */ = {isa = PBXFileReference; lastKnownFileType = sourcecode.swift; path = Context.swift; sourceTree = "<group>"; };
		585CD882239E6AF1004BE9CC /* Store.swift */ = {isa = PBXFileReference; lastKnownFileType = sourcecode.swift; path = Store.swift; sourceTree = "<group>"; };
		585CD889239E9077004BE9CC /* Counter.swift */ = {isa = PBXFileReference; lastKnownFileType = sourcecode.swift; path = Counter.swift; sourceTree = "<group>"; };
		585CD88B239E90EB004BE9CC /* CounterView.swift */ = {isa = PBXFileReference; lastKnownFileType = sourcecode.swift; path = CounterView.swift; sourceTree = "<group>"; };
		585CD88D239E9104004BE9CC /* CounterView.xib */ = {isa = PBXFileReference; lastKnownFileType = file.xib; path = CounterView.xib; sourceTree = "<group>"; };
		585CD890239EA8E6004BE9CC /* Movies.swift */ = {isa = PBXFileReference; lastKnownFileType = sourcecode.swift; path = Movies.swift; sourceTree = "<group>"; };
		587F0720201F647400ACD219 /* README.md */ = {isa = PBXFileReference; fileEncoding = 4; lastKnownFileType = net.daringfireball.markdown; path = README.md; sourceTree = "<group>"; };
		5898B6D01F97ADDD005EEAEC /* SystemTests.swift */ = {isa = PBXFileReference; fileEncoding = 4; lastKnownFileType = sourcecode.swift; path = SystemTests.swift; sourceTree = "<group>"; };
		65F8C26B218371A800924657 /* ReactiveFeedback.framework */ = {isa = PBXFileReference; explicitFileType = wrapper.framework; includeInIndex = 0; path = ReactiveFeedback.framework; sourceTree = BUILT_PRODUCTS_DIR; };
		65F8C27A218371AC00924657 /* ReactiveFeedback.framework */ = {isa = PBXFileReference; explicitFileType = wrapper.framework; includeInIndex = 0; path = ReactiveFeedback.framework; sourceTree = BUILT_PRODUCTS_DIR; };
		65F8C28E2183723F00924657 /* ReactiveFeedbackTests.xctest */ = {isa = PBXFileReference; explicitFileType = wrapper.cfbundle; includeInIndex = 0; path = ReactiveFeedbackTests.xctest; sourceTree = BUILT_PRODUCTS_DIR; };
		65F8C2A22183725900924657 /* ReactiveFeedbackTests.xctest */ = {isa = PBXFileReference; explicitFileType = wrapper.cfbundle; includeInIndex = 0; path = ReactiveFeedbackTests.xctest; sourceTree = BUILT_PRODUCTS_DIR; };
		9AD5D42C1F97375E00E6AE5A /* Property+System.swift */ = {isa = PBXFileReference; lastKnownFileType = sourcecode.swift; path = "Property+System.swift"; sourceTree = "<group>"; };
		9AE181B61F95A71B00A07551 /* ReactiveFeedbackTests.xctest */ = {isa = PBXFileReference; explicitFileType = wrapper.cfbundle; includeInIndex = 0; path = ReactiveFeedbackTests.xctest; sourceTree = BUILT_PRODUCTS_DIR; };
		9AE181BA1F95A71B00A07551 /* Info.plist */ = {isa = PBXFileReference; lastKnownFileType = text.plist.xml; path = Info.plist; sourceTree = "<group>"; };
		9AE9563821863414005A8C69 /* ReactiveSwift.framework */ = {isa = PBXFileReference; lastKnownFileType = wrapper.framework; path = ReactiveSwift.framework; sourceTree = BUILT_PRODUCTS_DIR; };
		9AE9563921863415005A8C69 /* Kingfisher.framework */ = {isa = PBXFileReference; lastKnownFileType = wrapper.framework; path = Kingfisher.framework; sourceTree = BUILT_PRODUCTS_DIR; };
		9AE9563B21863415005A8C69 /* ReactiveCocoa.framework */ = {isa = PBXFileReference; lastKnownFileType = wrapper.framework; path = ReactiveCocoa.framework; sourceTree = BUILT_PRODUCTS_DIR; };
		9AE9564821863459005A8C69 /* ReactiveSwift.framework */ = {isa = PBXFileReference; explicitFileType = wrapper.framework; path = ReactiveSwift.framework; sourceTree = BUILT_PRODUCTS_DIR; };
		9AE9564E2186346C005A8C69 /* ReactiveSwift.framework */ = {isa = PBXFileReference; explicitFileType = wrapper.framework; path = ReactiveSwift.framework; sourceTree = BUILT_PRODUCTS_DIR; };
		9AE9565A218634CA005A8C69 /* Nimble.framework */ = {isa = PBXFileReference; explicitFileType = wrapper.framework; path = Nimble.framework; sourceTree = BUILT_PRODUCTS_DIR; };
		9AFA21251F9511A5001DBF7C /* ReactiveFeedback.podspec */ = {isa = PBXFileReference; fileEncoding = 4; lastKnownFileType = text; path = ReactiveFeedback.podspec; sourceTree = "<group>"; };
		A95097E70D3CBFF05FA7B8CC /* Feedback.swift */ = {isa = PBXFileReference; fileEncoding = 4; lastKnownFileType = sourcecode.swift; path = Feedback.swift; sourceTree = "<group>"; };
		A9509880213192F0D80EC2B3 /* SignalProducer+System.swift */ = {isa = PBXFileReference; fileEncoding = 4; lastKnownFileType = sourcecode.swift; path = "SignalProducer+System.swift"; sourceTree = "<group>"; };
/* End PBXFileReference section */

/* Begin PBXFrameworksBuildPhase section */
		25CC87AA1F92855300A6EBFC /* Frameworks */ = {
			isa = PBXFrameworksBuildPhase;
			buildActionMask = 2147483647;
			files = (
				9AE9564921863459005A8C69 /* ReactiveSwift.framework in Frameworks */,
			);
			runOnlyForDeploymentPostprocessing = 0;
		};
		25E1D21A1F5493D000D90192 /* Frameworks */ = {
			isa = PBXFrameworksBuildPhase;
			buildActionMask = 2147483647;
			files = (
				9AE9563C2186341B005A8C69 /* Kingfisher.framework in Frameworks */,
				9AE9563E2186341B005A8C69 /* ReactiveCocoa.framework in Frameworks */,
				65F8C2CF218378F500924657 /* ReactiveFeedback.framework in Frameworks */,
				9AE956402186341B005A8C69 /* ReactiveSwift.framework in Frameworks */,
			);
			runOnlyForDeploymentPostprocessing = 0;
		};
		65F8C263218371A800924657 /* Frameworks */ = {
			isa = PBXFrameworksBuildPhase;
			buildActionMask = 2147483647;
			files = (
				9AE9564421863440005A8C69 /* ReactiveSwift.framework in Frameworks */,
			);
			runOnlyForDeploymentPostprocessing = 0;
		};
		65F8C272218371AC00924657 /* Frameworks */ = {
			isa = PBXFrameworksBuildPhase;
			buildActionMask = 2147483647;
			files = (
				9AE9564F2186346C005A8C69 /* ReactiveSwift.framework in Frameworks */,
			);
			runOnlyForDeploymentPostprocessing = 0;
		};
		65F8C2812183723F00924657 /* Frameworks */ = {
			isa = PBXFrameworksBuildPhase;
			buildActionMask = 2147483647;
			files = (
				65F8C2832183723F00924657 /* ReactiveFeedback.framework in Frameworks */,
				9AE9564621863449005A8C69 /* ReactiveSwift.framework in Frameworks */,
			);
			runOnlyForDeploymentPostprocessing = 0;
		};
		65F8C2952183725900924657 /* Frameworks */ = {
			isa = PBXFrameworksBuildPhase;
			buildActionMask = 2147483647;
			files = (
				9AE9565B218634CA005A8C69 /* Nimble.framework in Frameworks */,
				65F8C2972183725900924657 /* ReactiveFeedback.framework in Frameworks */,
				9AE9565221863484005A8C69 /* ReactiveSwift.framework in Frameworks */,
			);
			runOnlyForDeploymentPostprocessing = 0;
		};
		9AE181B31F95A71B00A07551 /* Frameworks */ = {
			isa = PBXFrameworksBuildPhase;
			buildActionMask = 2147483647;
			files = (
				9AE181BB1F95A71B00A07551 /* ReactiveFeedback.framework in Frameworks */,
				9AE956542186349E005A8C69 /* ReactiveSwift.framework in Frameworks */,
			);
			runOnlyForDeploymentPostprocessing = 0;
		};
/* End PBXFrameworksBuildPhase section */

/* Begin PBXGroup section */
		25CC87AF1F92855300A6EBFC /* ReactiveFeedback */ = {
			isa = PBXGroup;
			children = (
				A95097E70D3CBFF05FA7B8CC /* Feedback.swift */,
				A9509880213192F0D80EC2B3 /* SignalProducer+System.swift */,
				9AD5D42C1F97375E00E6AE5A /* Property+System.swift */,
				25CC87B11F92855300A6EBFC /* Info.plist */,
				585CD87A239E6A39004BE9CC /* Reducer.swift */,
				585CD87E239E6A98004BE9CC /* Context.swift */,
				585CD882239E6AF1004BE9CC /* Store.swift */,
			);
			path = ReactiveFeedback;
			sourceTree = "<group>";
		};
		25E1D2141F5493D000D90192 = {
			isa = PBXGroup;
			children = (
				587F0720201F647400ACD219 /* README.md */,
				25E1D21F1F5493D000D90192 /* Example */,
				25CC87AF1F92855300A6EBFC /* ReactiveFeedback */,
				9AFA21251F9511A5001DBF7C /* ReactiveFeedback.podspec */,
				9AE181B71F95A71B00A07551 /* ReactiveFeedbackTests */,
				25E1D21E1F5493D000D90192 /* Products */,
				9AFA21271F95135B001DBF7C /* Frameworks */,
			);
			sourceTree = "<group>";
		};
		25E1D21E1F5493D000D90192 /* Products */ = {
			isa = PBXGroup;
			children = (
				25E1D21D1F5493D000D90192 /* Example.app */,
				25CC87AE1F92855300A6EBFC /* ReactiveFeedback.framework */,
				9AE181B61F95A71B00A07551 /* ReactiveFeedbackTests.xctest */,
				65F8C26B218371A800924657 /* ReactiveFeedback.framework */,
				65F8C27A218371AC00924657 /* ReactiveFeedback.framework */,
				65F8C28E2183723F00924657 /* ReactiveFeedbackTests.xctest */,
				65F8C2A22183725900924657 /* ReactiveFeedbackTests.xctest */,
			);
			name = Products;
			sourceTree = "<group>";
		};
		25E1D21F1F5493D000D90192 /* Example */ = {
			isa = PBXGroup;
			children = (
				585CD88F239EA8B0004BE9CC /* MultiStoreExample */,
				585CD886239E904E004BE9CC /* SingleStoreExample */,
				25E1D2201F5493D000D90192 /* AppDelegate.swift */,
				25E1D2241F5493D000D90192 /* Main.storyboard */,
				25E1D2271F5493D000D90192 /* Assets.xcassets */,
				25E1D2291F5493D000D90192 /* LaunchScreen.storyboard */,
				25E1D22C1F5493D000D90192 /* Info.plist */,
			);
			path = Example;
			sourceTree = "<group>";
		};
		585CD886239E904E004BE9CC /* SingleStoreExample */ = {
			isa = PBXGroup;
			children = (
				585CD888239E9069004BE9CC /* Movies */,
				585CD887239E905E004BE9CC /* Counter */,
				5810F039239EBEA100708F62 /* RootViewController.swift */,
			);
			path = SingleStoreExample;
			sourceTree = "<group>";
		};
		585CD887239E905E004BE9CC /* Counter */ = {
			isa = PBXGroup;
			children = (
				585CD889239E9077004BE9CC /* Counter.swift */,
				585CD88B239E90EB004BE9CC /* CounterView.swift */,
				585CD88D239E9104004BE9CC /* CounterView.xib */,
			);
			path = Counter;
			sourceTree = "<group>";
		};
		585CD888239E9069004BE9CC /* Movies */ = {
			isa = PBXGroup;
			children = (
				585CD890239EA8E6004BE9CC /* Movies.swift */,
				5810F031239EB2C400708F62 /* MoviesView.swift */,
				5810F037239EB5A700708F62 /* MovieCell.swift */,
				5810F033239EB2D200708F62 /* MoviesView.xib */,
				5810F035239EB31900708F62 /* MovieCell.xib */,
			);
			path = Movies;
			sourceTree = "<group>";
		};
		585CD88F239EA8B0004BE9CC /* MultiStoreExample */ = {
			isa = PBXGroup;
			children = (
				25E1D2221F5493D000D90192 /* ViewController.swift */,
				25E1D2371F56091A00D90192 /* PaginationViewController.swift */,
			);
			path = MultiStoreExample;
			sourceTree = "<group>";
		};
		9AE181B71F95A71B00A07551 /* ReactiveFeedbackTests */ = {
			isa = PBXGroup;
			children = (
				5898B6D01F97ADDD005EEAEC /* SystemTests.swift */,
				9AE181BA1F95A71B00A07551 /* Info.plist */,
			);
			path = ReactiveFeedbackTests;
			sourceTree = "<group>";
		};
		9AFA21271F95135B001DBF7C /* Frameworks */ = {
			isa = PBXGroup;
			children = (
				9AE9565A218634CA005A8C69 /* Nimble.framework */,
				9AE9564E2186346C005A8C69 /* ReactiveSwift.framework */,
				9AE9564821863459005A8C69 /* ReactiveSwift.framework */,
				9AE9563921863415005A8C69 /* Kingfisher.framework */,
				9AE9563B21863415005A8C69 /* ReactiveCocoa.framework */,
				9AE9563821863414005A8C69 /* ReactiveSwift.framework */,
			);
			name = Frameworks;
			sourceTree = "<group>";
		};
/* End PBXGroup section */

/* Begin PBXHeadersBuildPhase section */
		25CC87AB1F92855300A6EBFC /* Headers */ = {
			isa = PBXHeadersBuildPhase;
			buildActionMask = 2147483647;
			files = (
			);
			runOnlyForDeploymentPostprocessing = 0;
		};
		65F8C266218371A800924657 /* Headers */ = {
			isa = PBXHeadersBuildPhase;
			buildActionMask = 2147483647;
			files = (
			);
			runOnlyForDeploymentPostprocessing = 0;
		};
		65F8C275218371AC00924657 /* Headers */ = {
			isa = PBXHeadersBuildPhase;
			buildActionMask = 2147483647;
			files = (
			);
			runOnlyForDeploymentPostprocessing = 0;
		};
/* End PBXHeadersBuildPhase section */

/* Begin PBXNativeTarget section */
		25CC87AD1F92855300A6EBFC /* ReactiveFeedback-macOS */ = {
			isa = PBXNativeTarget;
			buildConfigurationList = 25CC87B91F92855300A6EBFC /* Build configuration list for PBXNativeTarget "ReactiveFeedback-macOS" */;
			buildPhases = (
				25CC87A91F92855300A6EBFC /* Sources */,
				25CC87AA1F92855300A6EBFC /* Frameworks */,
				25CC87AB1F92855300A6EBFC /* Headers */,
				25CC87AC1F92855300A6EBFC /* Resources */,
			);
			buildRules = (
			);
			dependencies = (
			);
			name = "ReactiveFeedback-macOS";
			productName = Framework;
			productReference = 25CC87AE1F92855300A6EBFC /* ReactiveFeedback.framework */;
			productType = "com.apple.product-type.framework";
		};
		25E1D21C1F5493D000D90192 /* Example */ = {
			isa = PBXNativeTarget;
			buildConfigurationList = 25E1D22F1F5493D100D90192 /* Build configuration list for PBXNativeTarget "Example" */;
			buildPhases = (
				25E1D2191F5493D000D90192 /* Sources */,
				25E1D21A1F5493D000D90192 /* Frameworks */,
				25E1D21B1F5493D000D90192 /* Resources */,
				25CC87BA1F92855300A6EBFC /* Embed Frameworks */,
			);
			buildRules = (
			);
			dependencies = (
				65F8C2D2218378F500924657 /* PBXTargetDependency */,
			);
			name = Example;
			productName = ReactiveFeedback;
			productReference = 25E1D21D1F5493D000D90192 /* Example.app */;
			productType = "com.apple.product-type.application";
		};
		65F8C25E218371A800924657 /* ReactiveFeedback-iOS */ = {
			isa = PBXNativeTarget;
			buildConfigurationList = 65F8C268218371A800924657 /* Build configuration list for PBXNativeTarget "ReactiveFeedback-iOS" */;
			buildPhases = (
				65F8C25F218371A800924657 /* Sources */,
				65F8C263218371A800924657 /* Frameworks */,
				65F8C266218371A800924657 /* Headers */,
				65F8C267218371A800924657 /* Resources */,
			);
			buildRules = (
			);
			dependencies = (
			);
			name = "ReactiveFeedback-iOS";
			productName = Framework;
			productReference = 65F8C26B218371A800924657 /* ReactiveFeedback.framework */;
			productType = "com.apple.product-type.framework";
		};
		65F8C26D218371AC00924657 /* ReactiveFeedback-tvOS */ = {
			isa = PBXNativeTarget;
			buildConfigurationList = 65F8C277218371AC00924657 /* Build configuration list for PBXNativeTarget "ReactiveFeedback-tvOS" */;
			buildPhases = (
				65F8C26E218371AC00924657 /* Sources */,
				65F8C272218371AC00924657 /* Frameworks */,
				65F8C275218371AC00924657 /* Headers */,
				65F8C276218371AC00924657 /* Resources */,
			);
			buildRules = (
			);
			dependencies = (
			);
			name = "ReactiveFeedback-tvOS";
			productName = Framework;
			productReference = 65F8C27A218371AC00924657 /* ReactiveFeedback.framework */;
			productType = "com.apple.product-type.framework";
		};
		65F8C27C2183723F00924657 /* ReactiveFeedbackTests-iOS */ = {
			isa = PBXNativeTarget;
			buildConfigurationList = 65F8C28B2183723F00924657 /* Build configuration list for PBXNativeTarget "ReactiveFeedbackTests-iOS" */;
			buildPhases = (
				65F8C27F2183723F00924657 /* Sources */,
				65F8C2812183723F00924657 /* Frameworks */,
				65F8C2862183723F00924657 /* Resources */,
				65F8C2872183723F00924657 /* CopyFiles */,
			);
			buildRules = (
			);
			dependencies = (
				65F8C2A52183731100924657 /* PBXTargetDependency */,
			);
			name = "ReactiveFeedbackTests-iOS";
			productName = ReactiveFeedbackTests;
			productReference = 65F8C28E2183723F00924657 /* ReactiveFeedbackTests.xctest */;
			productType = "com.apple.product-type.bundle.unit-test";
		};
		65F8C2902183725900924657 /* ReactiveFeedbackTests-tvOS */ = {
			isa = PBXNativeTarget;
			buildConfigurationList = 65F8C29F2183725900924657 /* Build configuration list for PBXNativeTarget "ReactiveFeedbackTests-tvOS" */;
			buildPhases = (
				65F8C2932183725900924657 /* Sources */,
				65F8C2952183725900924657 /* Frameworks */,
				65F8C29A2183725900924657 /* Resources */,
				65F8C29B2183725900924657 /* CopyFiles */,
			);
			buildRules = (
			);
			dependencies = (
				65F8C2A72183731900924657 /* PBXTargetDependency */,
			);
			name = "ReactiveFeedbackTests-tvOS";
			productName = ReactiveFeedbackTests;
			productReference = 65F8C2A22183725900924657 /* ReactiveFeedbackTests.xctest */;
			productType = "com.apple.product-type.bundle.unit-test";
		};
		9AE181B51F95A71B00A07551 /* ReactiveFeedbackTests-macOS */ = {
			isa = PBXNativeTarget;
			buildConfigurationList = 9AE181C01F95A71B00A07551 /* Build configuration list for PBXNativeTarget "ReactiveFeedbackTests-macOS" */;
			buildPhases = (
				9AE181B21F95A71B00A07551 /* Sources */,
				9AE181B31F95A71B00A07551 /* Frameworks */,
				9AE181B41F95A71B00A07551 /* Resources */,
				9AE181C11F95A76B00A07551 /* CopyFiles */,
			);
			buildRules = (
			);
			dependencies = (
				9AE181BD1F95A71B00A07551 /* PBXTargetDependency */,
			);
			name = "ReactiveFeedbackTests-macOS";
			productName = ReactiveFeedbackTests;
			productReference = 9AE181B61F95A71B00A07551 /* ReactiveFeedbackTests.xctest */;
			productType = "com.apple.product-type.bundle.unit-test";
		};
/* End PBXNativeTarget section */

/* Begin PBXProject section */
		25E1D2151F5493D000D90192 /* Project object */ = {
			isa = PBXProject;
			attributes = {
				LastSwiftUpdateCheck = 0900;
				LastUpgradeCheck = 0900;
				ORGANIZATIONNAME = "";
				TargetAttributes = {
					25CC87AD1F92855300A6EBFC = {
						CreatedOnToolsVersion = 9.0;
						ProvisioningStyle = Automatic;
					};
					25E1D21C1F5493D000D90192 = {
						CreatedOnToolsVersion = 8.3;
						LastSwiftMigration = 1020;
						ProvisioningStyle = Automatic;
					};
					65F8C25E218371A800924657 = {
						LastSwiftMigration = 1020;
					};
					65F8C27C2183723F00924657 = {
						LastSwiftMigration = 1020;
					};
					9AE181B51F95A71B00A07551 = {
						CreatedOnToolsVersion = 9.0;
					};
				};
			};
			buildConfigurationList = 25E1D2181F5493D000D90192 /* Build configuration list for PBXProject "ReactiveFeedback" */;
			compatibilityVersion = "Xcode 3.2";
			developmentRegion = English;
			hasScannedForEncodings = 0;
			knownRegions = (
				English,
				en,
				Base,
			);
			mainGroup = 25E1D2141F5493D000D90192;
			productRefGroup = 25E1D21E1F5493D000D90192 /* Products */;
			projectDirPath = "";
			projectRoot = "";
			targets = (
				25CC87AD1F92855300A6EBFC /* ReactiveFeedback-macOS */,
				65F8C25E218371A800924657 /* ReactiveFeedback-iOS */,
				65F8C26D218371AC00924657 /* ReactiveFeedback-tvOS */,
				9AE181B51F95A71B00A07551 /* ReactiveFeedbackTests-macOS */,
				65F8C27C2183723F00924657 /* ReactiveFeedbackTests-iOS */,
				65F8C2902183725900924657 /* ReactiveFeedbackTests-tvOS */,
				25E1D21C1F5493D000D90192 /* Example */,
			);
		};
/* End PBXProject section */

/* Begin PBXResourcesBuildPhase section */
		25CC87AC1F92855300A6EBFC /* Resources */ = {
			isa = PBXResourcesBuildPhase;
			buildActionMask = 2147483647;
			files = (
			);
			runOnlyForDeploymentPostprocessing = 0;
		};
		25E1D21B1F5493D000D90192 /* Resources */ = {
			isa = PBXResourcesBuildPhase;
			buildActionMask = 2147483647;
			files = (
				585CD88E239E9104004BE9CC /* CounterView.xib in Resources */,
				5810F034239EB2D200708F62 /* MoviesView.xib in Resources */,
				9AFA21261F9511A5001DBF7C /* ReactiveFeedback.podspec in Resources */,
				25E1D22B1F5493D000D90192 /* LaunchScreen.storyboard in Resources */,
				5810F036239EB31900708F62 /* MovieCell.xib in Resources */,
				25E1D2281F5493D000D90192 /* Assets.xcassets in Resources */,
				25E1D2261F5493D000D90192 /* Main.storyboard in Resources */,
			);
			runOnlyForDeploymentPostprocessing = 0;
		};
		65F8C267218371A800924657 /* Resources */ = {
			isa = PBXResourcesBuildPhase;
			buildActionMask = 2147483647;
			files = (
			);
			runOnlyForDeploymentPostprocessing = 0;
		};
		65F8C276218371AC00924657 /* Resources */ = {
			isa = PBXResourcesBuildPhase;
			buildActionMask = 2147483647;
			files = (
			);
			runOnlyForDeploymentPostprocessing = 0;
		};
		65F8C2862183723F00924657 /* Resources */ = {
			isa = PBXResourcesBuildPhase;
			buildActionMask = 2147483647;
			files = (
			);
			runOnlyForDeploymentPostprocessing = 0;
		};
		65F8C29A2183725900924657 /* Resources */ = {
			isa = PBXResourcesBuildPhase;
			buildActionMask = 2147483647;
			files = (
			);
			runOnlyForDeploymentPostprocessing = 0;
		};
		9AE181B41F95A71B00A07551 /* Resources */ = {
			isa = PBXResourcesBuildPhase;
			buildActionMask = 2147483647;
			files = (
			);
			runOnlyForDeploymentPostprocessing = 0;
		};
/* End PBXResourcesBuildPhase section */

/* Begin PBXSourcesBuildPhase section */
		25CC87A91F92855300A6EBFC /* Sources */ = {
			isa = PBXSourcesBuildPhase;
			buildActionMask = 2147483647;
			files = (
				A9509BE4551098F4A5503820 /* Feedback.swift in Sources */,
				A950943401765BB90FA846B2 /* SignalProducer+System.swift in Sources */,
				585CD87B239E6A39004BE9CC /* Reducer.swift in Sources */,
				585CD883239E6AF1004BE9CC /* Store.swift in Sources */,
				585CD87F239E6A98004BE9CC /* Context.swift in Sources */,
				9AD5D42D1F97375E00E6AE5A /* Property+System.swift in Sources */,
			);
			runOnlyForDeploymentPostprocessing = 0;
		};
		25E1D2191F5493D000D90192 /* Sources */ = {
			isa = PBXSourcesBuildPhase;
			buildActionMask = 2147483647;
			files = (
				585CD88A239E9077004BE9CC /* Counter.swift in Sources */,
				25E1D2231F5493D000D90192 /* ViewController.swift in Sources */,
				5810F03A239EBEA100708F62 /* RootViewController.swift in Sources */,
				5810F038239EB5A700708F62 /* MovieCell.swift in Sources */,
				585CD891239EA8E6004BE9CC /* Movies.swift in Sources */,
				25E1D2381F56091A00D90192 /* PaginationViewController.swift in Sources */,
				5810F032239EB2C400708F62 /* MoviesView.swift in Sources */,
				25E1D2211F5493D000D90192 /* AppDelegate.swift in Sources */,
				585CD88C239E90EB004BE9CC /* CounterView.swift in Sources */,
			);
			runOnlyForDeploymentPostprocessing = 0;
		};
		65F8C25F218371A800924657 /* Sources */ = {
			isa = PBXSourcesBuildPhase;
			buildActionMask = 2147483647;
			files = (
				65F8C260218371A800924657 /* Feedback.swift in Sources */,
				65F8C261218371A800924657 /* SignalProducer+System.swift in Sources */,
				585CD87C239E6A3E004BE9CC /* Reducer.swift in Sources */,
				585CD884239E6AF1004BE9CC /* Store.swift in Sources */,
				585CD880239E6A9A004BE9CC /* Context.swift in Sources */,
				65F8C262218371A800924657 /* Property+System.swift in Sources */,
			);
			runOnlyForDeploymentPostprocessing = 0;
		};
		65F8C26E218371AC00924657 /* Sources */ = {
			isa = PBXSourcesBuildPhase;
			buildActionMask = 2147483647;
			files = (
				65F8C26F218371AC00924657 /* Feedback.swift in Sources */,
				65F8C270218371AC00924657 /* SignalProducer+System.swift in Sources */,
				585CD87D239E6A3E004BE9CC /* Reducer.swift in Sources */,
				585CD885239E6AF1004BE9CC /* Store.swift in Sources */,
				585CD881239E6A9B004BE9CC /* Context.swift in Sources */,
				65F8C271218371AC00924657 /* Property+System.swift in Sources */,
			);
			runOnlyForDeploymentPostprocessing = 0;
		};
		65F8C27F2183723F00924657 /* Sources */ = {
			isa = PBXSourcesBuildPhase;
			buildActionMask = 2147483647;
			files = (
				65F8C2802183723F00924657 /* SystemTests.swift in Sources */,
			);
			runOnlyForDeploymentPostprocessing = 0;
		};
		65F8C2932183725900924657 /* Sources */ = {
			isa = PBXSourcesBuildPhase;
			buildActionMask = 2147483647;
			files = (
				65F8C2942183725900924657 /* SystemTests.swift in Sources */,
			);
			runOnlyForDeploymentPostprocessing = 0;
		};
		9AE181B21F95A71B00A07551 /* Sources */ = {
			isa = PBXSourcesBuildPhase;
			buildActionMask = 2147483647;
			files = (
				5898B6D11F97ADDD005EEAEC /* SystemTests.swift in Sources */,
			);
			runOnlyForDeploymentPostprocessing = 0;
		};
/* End PBXSourcesBuildPhase section */

/* Begin PBXTargetDependency section */
		65F8C2A52183731100924657 /* PBXTargetDependency */ = {
			isa = PBXTargetDependency;
			target = 65F8C25E218371A800924657 /* ReactiveFeedback-iOS */;
			targetProxy = 65F8C2A42183731100924657 /* PBXContainerItemProxy */;
		};
		65F8C2A72183731900924657 /* PBXTargetDependency */ = {
			isa = PBXTargetDependency;
			target = 65F8C26D218371AC00924657 /* ReactiveFeedback-tvOS */;
			targetProxy = 65F8C2A62183731900924657 /* PBXContainerItemProxy */;
		};
		65F8C2D2218378F500924657 /* PBXTargetDependency */ = {
			isa = PBXTargetDependency;
			target = 65F8C25E218371A800924657 /* ReactiveFeedback-iOS */;
			targetProxy = 65F8C2D1218378F500924657 /* PBXContainerItemProxy */;
		};
		9AE181BD1F95A71B00A07551 /* PBXTargetDependency */ = {
			isa = PBXTargetDependency;
			target = 25CC87AD1F92855300A6EBFC /* ReactiveFeedback-macOS */;
			targetProxy = 9AE181BC1F95A71B00A07551 /* PBXContainerItemProxy */;
		};
/* End PBXTargetDependency section */

/* Begin PBXVariantGroup section */
		25E1D2241F5493D000D90192 /* Main.storyboard */ = {
			isa = PBXVariantGroup;
			children = (
				25E1D2251F5493D000D90192 /* Base */,
			);
			name = Main.storyboard;
			sourceTree = "<group>";
		};
		25E1D2291F5493D000D90192 /* LaunchScreen.storyboard */ = {
			isa = PBXVariantGroup;
			children = (
				25E1D22A1F5493D000D90192 /* Base */,
			);
			name = LaunchScreen.storyboard;
			sourceTree = "<group>";
		};
/* End PBXVariantGroup section */

/* Begin XCBuildConfiguration section */
		25CC87B71F92855300A6EBFC /* Debug */ = {
			isa = XCBuildConfiguration;
			buildSettings = {
				CURRENT_PROJECT_VERSION = 1;
				DEFINES_MODULE = YES;
				DYLIB_COMPATIBILITY_VERSION = 1;
				DYLIB_CURRENT_VERSION = 1;
				DYLIB_INSTALL_NAME_BASE = "@rpath";
				INFOPLIST_FILE = ReactiveFeedback/Info.plist;
				LD_RUNPATH_SEARCH_PATHS = "$(inherited) @executable_path/Frameworks @loader_path/Frameworks @loader_path/../Frameworks @executable_path/../Frameworks";
				PRODUCT_BUNDLE_IDENTIFIER = com.babylonhealth.ReactiveFeedback;
				PRODUCT_NAME = ReactiveFeedback;
				SDKROOT = macosx;
				SKIP_INSTALL = YES;
				SWIFT_VERSION = 5.0;
				VERSIONING_SYSTEM = "apple-generic";
				VERSION_INFO_PREFIX = "";
			};
			name = Debug;
		};
		25CC87B81F92855300A6EBFC /* Release */ = {
			isa = XCBuildConfiguration;
			buildSettings = {
				CURRENT_PROJECT_VERSION = 1;
				DEFINES_MODULE = YES;
				DYLIB_COMPATIBILITY_VERSION = 1;
				DYLIB_CURRENT_VERSION = 1;
				DYLIB_INSTALL_NAME_BASE = "@rpath";
				INFOPLIST_FILE = ReactiveFeedback/Info.plist;
				LD_RUNPATH_SEARCH_PATHS = "$(inherited) @executable_path/Frameworks @loader_path/Frameworks @loader_path/../Frameworks @executable_path/../Frameworks";
				PRODUCT_BUNDLE_IDENTIFIER = com.babylonhealth.ReactiveFeedback;
				PRODUCT_NAME = ReactiveFeedback;
				SDKROOT = macosx;
				SKIP_INSTALL = YES;
				SWIFT_VERSION = 5.0;
				VERSIONING_SYSTEM = "apple-generic";
				VERSION_INFO_PREFIX = "";
			};
			name = Release;
		};
		25E1D22D1F5493D100D90192 /* Debug */ = {
			isa = XCBuildConfiguration;
			buildSettings = {
				ALWAYS_SEARCH_USER_PATHS = NO;
				CLANG_ANALYZER_NONNULL = YES;
				CLANG_ANALYZER_NUMBER_OBJECT_CONVERSION = YES_AGGRESSIVE;
				CLANG_CXX_LANGUAGE_STANDARD = "gnu++0x";
				CLANG_CXX_LIBRARY = "libc++";
				CLANG_ENABLE_MODULES = YES;
				CLANG_ENABLE_OBJC_ARC = YES;
				CLANG_WARN_BLOCK_CAPTURE_AUTORELEASING = YES;
				CLANG_WARN_BOOL_CONVERSION = YES;
				CLANG_WARN_COMMA = YES;
				CLANG_WARN_CONSTANT_CONVERSION = YES;
				CLANG_WARN_DIRECT_OBJC_ISA_USAGE = YES_ERROR;
				CLANG_WARN_DOCUMENTATION_COMMENTS = YES;
				CLANG_WARN_EMPTY_BODY = YES;
				CLANG_WARN_ENUM_CONVERSION = YES;
				CLANG_WARN_INFINITE_RECURSION = YES;
				CLANG_WARN_INT_CONVERSION = YES;
				CLANG_WARN_NON_LITERAL_NULL_CONVERSION = YES;
				CLANG_WARN_OBJC_LITERAL_CONVERSION = YES;
				CLANG_WARN_OBJC_ROOT_CLASS = YES_ERROR;
				CLANG_WARN_RANGE_LOOP_ANALYSIS = YES;
				CLANG_WARN_STRICT_PROTOTYPES = YES;
				CLANG_WARN_SUSPICIOUS_MOVE = YES;
				CLANG_WARN_UNREACHABLE_CODE = YES;
				CLANG_WARN__DUPLICATE_METHOD_MATCH = YES;
				"CODE_SIGN_IDENTITY[sdk=iphoneos*]" = "iPhone Developer";
				COPY_PHASE_STRIP = NO;
				DEBUG_INFORMATION_FORMAT = dwarf;
				ENABLE_STRICT_OBJC_MSGSEND = YES;
				ENABLE_TESTABILITY = YES;
				FRAMEWORK_SEARCH_PATHS = "$(BUILT_PRODUCTS_DIR)/ReactiveSwift";
				GCC_C_LANGUAGE_STANDARD = gnu99;
				GCC_DYNAMIC_NO_PIC = NO;
				GCC_NO_COMMON_BLOCKS = YES;
				GCC_OPTIMIZATION_LEVEL = 0;
				GCC_PREPROCESSOR_DEFINITIONS = (
					"DEBUG=1",
					"$(inherited)",
				);
				GCC_WARN_64_TO_32_BIT_CONVERSION = YES;
				GCC_WARN_ABOUT_RETURN_TYPE = YES_ERROR;
				GCC_WARN_UNDECLARED_SELECTOR = YES;
				GCC_WARN_UNINITIALIZED_AUTOS = YES_AGGRESSIVE;
				GCC_WARN_UNUSED_FUNCTION = YES;
				GCC_WARN_UNUSED_VARIABLE = YES;
				IPHONEOS_DEPLOYMENT_TARGET = 8.0;
				MACOSX_DEPLOYMENT_TARGET = 10.10;
				MTL_ENABLE_DEBUG_INFO = YES;
				ONLY_ACTIVE_ARCH = YES;
				SDKROOT = iphoneos;
				SWIFT_ACTIVE_COMPILATION_CONDITIONS = DEBUG;
				SWIFT_OPTIMIZATION_LEVEL = "-Onone";
				SWIFT_VERSION = 5.0;
				TVOS_DEPLOYMENT_TARGET = 9.0;
			};
			name = Debug;
		};
		25E1D22E1F5493D100D90192 /* Release */ = {
			isa = XCBuildConfiguration;
			buildSettings = {
				ALWAYS_SEARCH_USER_PATHS = NO;
				CLANG_ANALYZER_NONNULL = YES;
				CLANG_ANALYZER_NUMBER_OBJECT_CONVERSION = YES_AGGRESSIVE;
				CLANG_CXX_LANGUAGE_STANDARD = "gnu++0x";
				CLANG_CXX_LIBRARY = "libc++";
				CLANG_ENABLE_MODULES = YES;
				CLANG_ENABLE_OBJC_ARC = YES;
				CLANG_WARN_BLOCK_CAPTURE_AUTORELEASING = YES;
				CLANG_WARN_BOOL_CONVERSION = YES;
				CLANG_WARN_COMMA = YES;
				CLANG_WARN_CONSTANT_CONVERSION = YES;
				CLANG_WARN_DIRECT_OBJC_ISA_USAGE = YES_ERROR;
				CLANG_WARN_DOCUMENTATION_COMMENTS = YES;
				CLANG_WARN_EMPTY_BODY = YES;
				CLANG_WARN_ENUM_CONVERSION = YES;
				CLANG_WARN_INFINITE_RECURSION = YES;
				CLANG_WARN_INT_CONVERSION = YES;
				CLANG_WARN_NON_LITERAL_NULL_CONVERSION = YES;
				CLANG_WARN_OBJC_LITERAL_CONVERSION = YES;
				CLANG_WARN_OBJC_ROOT_CLASS = YES_ERROR;
				CLANG_WARN_RANGE_LOOP_ANALYSIS = YES;
				CLANG_WARN_STRICT_PROTOTYPES = YES;
				CLANG_WARN_SUSPICIOUS_MOVE = YES;
				CLANG_WARN_UNREACHABLE_CODE = YES;
				CLANG_WARN__DUPLICATE_METHOD_MATCH = YES;
				"CODE_SIGN_IDENTITY[sdk=iphoneos*]" = "iPhone Developer";
				COPY_PHASE_STRIP = NO;
				DEBUG_INFORMATION_FORMAT = "dwarf-with-dsym";
				ENABLE_NS_ASSERTIONS = NO;
				ENABLE_STRICT_OBJC_MSGSEND = YES;
				FRAMEWORK_SEARCH_PATHS = "$(BUILT_PRODUCTS_DIR)/ReactiveSwift";
				GCC_C_LANGUAGE_STANDARD = gnu99;
				GCC_NO_COMMON_BLOCKS = YES;
				GCC_WARN_64_TO_32_BIT_CONVERSION = YES;
				GCC_WARN_ABOUT_RETURN_TYPE = YES_ERROR;
				GCC_WARN_UNDECLARED_SELECTOR = YES;
				GCC_WARN_UNINITIALIZED_AUTOS = YES_AGGRESSIVE;
				GCC_WARN_UNUSED_FUNCTION = YES;
				GCC_WARN_UNUSED_VARIABLE = YES;
				IPHONEOS_DEPLOYMENT_TARGET = 8.0;
				MACOSX_DEPLOYMENT_TARGET = 10.10;
				MTL_ENABLE_DEBUG_INFO = NO;
				SDKROOT = iphoneos;
				SWIFT_OPTIMIZATION_LEVEL = "-Owholemodule";
				SWIFT_VERSION = 5.0;
				TVOS_DEPLOYMENT_TARGET = 9.0;
				VALIDATE_PRODUCT = YES;
			};
			name = Release;
		};
		25E1D2301F5493D100D90192 /* Debug */ = {
			isa = XCBuildConfiguration;
			buildSettings = {
				ALWAYS_EMBED_SWIFT_STANDARD_LIBRARIES = YES;
				ASSETCATALOG_COMPILER_APPICON_NAME = AppIcon;
				CODE_SIGN_IDENTITY = "iPhone Developer";
				FRAMEWORK_SEARCH_PATHS = (
					"$(inherited)",
					"$(BUILT_PRODUCTS_DIR)/Kingfisher",
				);
				INFOPLIST_FILE = "$(SRCROOT)/Example/Info.plist";
				IPHONEOS_DEPLOYMENT_TARGET = 10.0;
				LD_RUNPATH_SEARCH_PATHS = "$(inherited) @executable_path/Frameworks";
				PRODUCT_BUNDLE_IDENTIFIER = com.babylonhealth.Example;
				PRODUCT_NAME = "$(TARGET_NAME)";
				SWIFT_VERSION = 4.2;
			};
			name = Debug;
		};
		25E1D2311F5493D100D90192 /* Release */ = {
			isa = XCBuildConfiguration;
			buildSettings = {
				ALWAYS_EMBED_SWIFT_STANDARD_LIBRARIES = YES;
				ASSETCATALOG_COMPILER_APPICON_NAME = AppIcon;
				CODE_SIGN_IDENTITY = "iPhone Developer";
				FRAMEWORK_SEARCH_PATHS = (
					"$(inherited)",
					"$(BUILT_PRODUCTS_DIR)/Kingfisher",
				);
				INFOPLIST_FILE = "$(SRCROOT)/Example/Info.plist";
				IPHONEOS_DEPLOYMENT_TARGET = 10.0;
				LD_RUNPATH_SEARCH_PATHS = "$(inherited) @executable_path/Frameworks";
				PRODUCT_BUNDLE_IDENTIFIER = com.babylonhealth.Example;
				PRODUCT_NAME = "$(TARGET_NAME)";
				SWIFT_VERSION = 4.2;
			};
			name = Release;
		};
		65F8C269218371A800924657 /* Debug */ = {
			isa = XCBuildConfiguration;
			buildSettings = {
				CODE_SIGN_IDENTITY = "iPhone Developer";
				CURRENT_PROJECT_VERSION = 1;
				DEFINES_MODULE = YES;
				DYLIB_COMPATIBILITY_VERSION = 1;
				DYLIB_CURRENT_VERSION = 1;
				DYLIB_INSTALL_NAME_BASE = "@rpath";
				INFOPLIST_FILE = ReactiveFeedback/Info.plist;
				LD_RUNPATH_SEARCH_PATHS = "$(inherited) @executable_path/Frameworks @loader_path/Frameworks @loader_path/../Frameworks @executable_path/../Frameworks";
				PRODUCT_BUNDLE_IDENTIFIER = com.babylonhealth.ReactiveFeedback;
				PRODUCT_NAME = ReactiveFeedback;
				SDKROOT = iphoneos;
				SKIP_INSTALL = YES;
				SWIFT_VERSION = 5.0;
				VERSIONING_SYSTEM = "apple-generic";
				VERSION_INFO_PREFIX = "";
			};
			name = Debug;
		};
		65F8C26A218371A800924657 /* Release */ = {
			isa = XCBuildConfiguration;
			buildSettings = {
				CODE_SIGN_IDENTITY = "iPhone Developer";
				CURRENT_PROJECT_VERSION = 1;
				DEFINES_MODULE = YES;
				DYLIB_COMPATIBILITY_VERSION = 1;
				DYLIB_CURRENT_VERSION = 1;
				DYLIB_INSTALL_NAME_BASE = "@rpath";
				INFOPLIST_FILE = ReactiveFeedback/Info.plist;
				LD_RUNPATH_SEARCH_PATHS = "$(inherited) @executable_path/Frameworks @loader_path/Frameworks @loader_path/../Frameworks @executable_path/../Frameworks";
				PRODUCT_BUNDLE_IDENTIFIER = com.babylonhealth.ReactiveFeedback;
				PRODUCT_NAME = ReactiveFeedback;
				SDKROOT = iphoneos;
				SKIP_INSTALL = YES;
				SWIFT_VERSION = 5.0;
				VERSIONING_SYSTEM = "apple-generic";
				VERSION_INFO_PREFIX = "";
			};
			name = Release;
		};
		65F8C278218371AC00924657 /* Debug */ = {
			isa = XCBuildConfiguration;
			buildSettings = {
				CURRENT_PROJECT_VERSION = 1;
				DEFINES_MODULE = YES;
				DYLIB_COMPATIBILITY_VERSION = 1;
				DYLIB_CURRENT_VERSION = 1;
				DYLIB_INSTALL_NAME_BASE = "@rpath";
				INFOPLIST_FILE = ReactiveFeedback/Info.plist;
				LD_RUNPATH_SEARCH_PATHS = "$(inherited) @executable_path/Frameworks @loader_path/Frameworks @loader_path/../Frameworks @executable_path/../Frameworks";
				PRODUCT_BUNDLE_IDENTIFIER = com.babylonhealth.ReactiveFeedback;
				PRODUCT_NAME = ReactiveFeedback;
				SDKROOT = appletvos;
				SKIP_INSTALL = YES;
				SWIFT_VERSION = 5.0;
				VERSIONING_SYSTEM = "apple-generic";
				VERSION_INFO_PREFIX = "";
			};
			name = Debug;
		};
		65F8C279218371AC00924657 /* Release */ = {
			isa = XCBuildConfiguration;
			buildSettings = {
				CURRENT_PROJECT_VERSION = 1;
				DEFINES_MODULE = YES;
				DYLIB_COMPATIBILITY_VERSION = 1;
				DYLIB_CURRENT_VERSION = 1;
				DYLIB_INSTALL_NAME_BASE = "@rpath";
				INFOPLIST_FILE = ReactiveFeedback/Info.plist;
				LD_RUNPATH_SEARCH_PATHS = "$(inherited) @executable_path/Frameworks @loader_path/Frameworks @loader_path/../Frameworks @executable_path/../Frameworks";
				PRODUCT_BUNDLE_IDENTIFIER = com.babylonhealth.ReactiveFeedback;
				PRODUCT_NAME = ReactiveFeedback;
				SDKROOT = appletvos;
				SKIP_INSTALL = YES;
				SWIFT_VERSION = 5.0;
				VERSIONING_SYSTEM = "apple-generic";
				VERSION_INFO_PREFIX = "";
			};
			name = Release;
		};
		65F8C28C2183723F00924657 /* Debug */ = {
			isa = XCBuildConfiguration;
			buildSettings = {
				ALWAYS_EMBED_SWIFT_STANDARD_LIBRARIES = YES;
				COMBINE_HIDPI_IMAGES = YES;
				FRAMEWORK_SEARCH_PATHS = (
					"$(inherited)",
					"$(BUILT_PRODUCTS_DIR)/Nimble",
				);
				INFOPLIST_FILE = ReactiveFeedbackTests/Info.plist;
				LD_RUNPATH_SEARCH_PATHS = "$(inherited) @executable_path/../Frameworks @loader_path/../Frameworks @loader_path/Frameworks @executable_path/Frameworks";
				PRODUCT_BUNDLE_IDENTIFIER = com.babylonhealth.ReactiveFeedbackTests;
				PRODUCT_NAME = ReactiveFeedbackTests;
				SDKROOT = iphoneos;
				SWIFT_VERSION = 5.0;
			};
			name = Debug;
		};
		65F8C28D2183723F00924657 /* Release */ = {
			isa = XCBuildConfiguration;
			buildSettings = {
				ALWAYS_EMBED_SWIFT_STANDARD_LIBRARIES = YES;
				COMBINE_HIDPI_IMAGES = YES;
				FRAMEWORK_SEARCH_PATHS = (
					"$(inherited)",
					"$(BUILT_PRODUCTS_DIR)/Nimble",
				);
				INFOPLIST_FILE = ReactiveFeedbackTests/Info.plist;
				LD_RUNPATH_SEARCH_PATHS = "$(inherited) @executable_path/../Frameworks @loader_path/../Frameworks @loader_path/Frameworks @executable_path/Frameworks";
				PRODUCT_BUNDLE_IDENTIFIER = com.babylonhealth.ReactiveFeedbackTests;
				PRODUCT_NAME = ReactiveFeedbackTests;
				SDKROOT = iphoneos;
				SWIFT_VERSION = 5.0;
			};
			name = Release;
		};
		65F8C2A02183725900924657 /* Debug */ = {
			isa = XCBuildConfiguration;
			buildSettings = {
				ALWAYS_EMBED_SWIFT_STANDARD_LIBRARIES = YES;
				COMBINE_HIDPI_IMAGES = YES;
				FRAMEWORK_SEARCH_PATHS = (
					"$(inherited)",
					"$(BUILT_PRODUCTS_DIR)/Nimble",
				);
				INFOPLIST_FILE = ReactiveFeedbackTests/Info.plist;
				LD_RUNPATH_SEARCH_PATHS = "$(inherited) @executable_path/../Frameworks @loader_path/../Frameworks @loader_path/Frameworks @executable_path/Frameworks";
				PRODUCT_BUNDLE_IDENTIFIER = com.babylonhealth.ReactiveFeedbackTests;
				PRODUCT_NAME = ReactiveFeedbackTests;
				SDKROOT = iphoneos;
				SWIFT_VERSION = 5.0;
			};
			name = Debug;
		};
		65F8C2A12183725900924657 /* Release */ = {
			isa = XCBuildConfiguration;
			buildSettings = {
				ALWAYS_EMBED_SWIFT_STANDARD_LIBRARIES = YES;
				COMBINE_HIDPI_IMAGES = YES;
				FRAMEWORK_SEARCH_PATHS = (
					"$(inherited)",
					"$(BUILT_PRODUCTS_DIR)/Nimble",
				);
				INFOPLIST_FILE = ReactiveFeedbackTests/Info.plist;
				LD_RUNPATH_SEARCH_PATHS = "$(inherited) @executable_path/../Frameworks @loader_path/../Frameworks @loader_path/Frameworks @executable_path/Frameworks";
				PRODUCT_BUNDLE_IDENTIFIER = com.babylonhealth.ReactiveFeedbackTests;
				PRODUCT_NAME = ReactiveFeedbackTests;
				SDKROOT = iphoneos;
				SWIFT_VERSION = 5.0;
			};
			name = Release;
		};
		9AE181BE1F95A71B00A07551 /* Debug */ = {
			isa = XCBuildConfiguration;
			buildSettings = {
				ALWAYS_EMBED_SWIFT_STANDARD_LIBRARIES = YES;
				COMBINE_HIDPI_IMAGES = YES;
				FRAMEWORK_SEARCH_PATHS = (
					"$(inherited)",
					"$(BUILT_PRODUCTS_DIR)/Nimble",
				);
				INFOPLIST_FILE = ReactiveFeedbackTests/Info.plist;
				LD_RUNPATH_SEARCH_PATHS = "$(inherited) @executable_path/../Frameworks @loader_path/../Frameworks @loader_path/Frameworks @executable_path/Frameworks";
				PRODUCT_BUNDLE_IDENTIFIER = com.babylonhealth.ReactiveFeedbackTests;
				PRODUCT_NAME = ReactiveFeedbackTests;
				SDKROOT = macosx;
				SWIFT_VERSION = 5.0;
			};
			name = Debug;
		};
		9AE181BF1F95A71B00A07551 /* Release */ = {
			isa = XCBuildConfiguration;
			buildSettings = {
				ALWAYS_EMBED_SWIFT_STANDARD_LIBRARIES = YES;
				COMBINE_HIDPI_IMAGES = YES;
				FRAMEWORK_SEARCH_PATHS = (
					"$(inherited)",
					"$(BUILT_PRODUCTS_DIR)/Nimble",
				);
				INFOPLIST_FILE = ReactiveFeedbackTests/Info.plist;
				LD_RUNPATH_SEARCH_PATHS = "$(inherited) @executable_path/../Frameworks @loader_path/../Frameworks @loader_path/Frameworks @executable_path/Frameworks";
				PRODUCT_BUNDLE_IDENTIFIER = com.babylonhealth.ReactiveFeedbackTests;
				PRODUCT_NAME = ReactiveFeedbackTests;
				SDKROOT = macosx;
				SWIFT_VERSION = 5.0;
			};
			name = Release;
		};
/* End XCBuildConfiguration section */

/* Begin XCConfigurationList section */
		25CC87B91F92855300A6EBFC /* Build configuration list for PBXNativeTarget "ReactiveFeedback-macOS" */ = {
			isa = XCConfigurationList;
			buildConfigurations = (
				25CC87B71F92855300A6EBFC /* Debug */,
				25CC87B81F92855300A6EBFC /* Release */,
			);
			defaultConfigurationIsVisible = 0;
			defaultConfigurationName = Release;
		};
		25E1D2181F5493D000D90192 /* Build configuration list for PBXProject "ReactiveFeedback" */ = {
			isa = XCConfigurationList;
			buildConfigurations = (
				25E1D22D1F5493D100D90192 /* Debug */,
				25E1D22E1F5493D100D90192 /* Release */,
			);
			defaultConfigurationIsVisible = 0;
			defaultConfigurationName = Release;
		};
		25E1D22F1F5493D100D90192 /* Build configuration list for PBXNativeTarget "Example" */ = {
			isa = XCConfigurationList;
			buildConfigurations = (
				25E1D2301F5493D100D90192 /* Debug */,
				25E1D2311F5493D100D90192 /* Release */,
			);
			defaultConfigurationIsVisible = 0;
			defaultConfigurationName = Release;
		};
		65F8C268218371A800924657 /* Build configuration list for PBXNativeTarget "ReactiveFeedback-iOS" */ = {
			isa = XCConfigurationList;
			buildConfigurations = (
				65F8C269218371A800924657 /* Debug */,
				65F8C26A218371A800924657 /* Release */,
			);
			defaultConfigurationIsVisible = 0;
			defaultConfigurationName = Release;
		};
		65F8C277218371AC00924657 /* Build configuration list for PBXNativeTarget "ReactiveFeedback-tvOS" */ = {
			isa = XCConfigurationList;
			buildConfigurations = (
				65F8C278218371AC00924657 /* Debug */,
				65F8C279218371AC00924657 /* Release */,
			);
			defaultConfigurationIsVisible = 0;
			defaultConfigurationName = Release;
		};
		65F8C28B2183723F00924657 /* Build configuration list for PBXNativeTarget "ReactiveFeedbackTests-iOS" */ = {
			isa = XCConfigurationList;
			buildConfigurations = (
				65F8C28C2183723F00924657 /* Debug */,
				65F8C28D2183723F00924657 /* Release */,
			);
			defaultConfigurationIsVisible = 0;
			defaultConfigurationName = Release;
		};
		65F8C29F2183725900924657 /* Build configuration list for PBXNativeTarget "ReactiveFeedbackTests-tvOS" */ = {
			isa = XCConfigurationList;
			buildConfigurations = (
				65F8C2A02183725900924657 /* Debug */,
				65F8C2A12183725900924657 /* Release */,
			);
			defaultConfigurationIsVisible = 0;
			defaultConfigurationName = Release;
		};
		9AE181C01F95A71B00A07551 /* Build configuration list for PBXNativeTarget "ReactiveFeedbackTests-macOS" */ = {
			isa = XCConfigurationList;
			buildConfigurations = (
				9AE181BE1F95A71B00A07551 /* Debug */,
				9AE181BF1F95A71B00A07551 /* Release */,
			);
			defaultConfigurationIsVisible = 0;
			defaultConfigurationName = Release;
		};
/* End XCConfigurationList section */
	};
	rootObject = 25E1D2151F5493D000D90192 /* Project object */;
}
